// !$*UTF8*$!
{
	archiveVersion = 1;
	classes = {
	};
	objectVersion = 46;
	objects = {

/* Begin PBXBuildFile section */
		92165C931C2A67A500274852 /* AppDelegate.swift in Sources */ = {isa = PBXBuildFile; fileRef = 92165C921C2A67A500274852 /* AppDelegate.swift */; };
		92165C951C2A67A500274852 /* ViewController.swift in Sources */ = {isa = PBXBuildFile; fileRef = 92165C941C2A67A500274852 /* ViewController.swift */; };
		92165C981C2A67A500274852 /* Main.storyboard in Resources */ = {isa = PBXBuildFile; fileRef = 92165C961C2A67A500274852 /* Main.storyboard */; };
		92165C9A1C2A67A500274852 /* Assets.xcassets in Resources */ = {isa = PBXBuildFile; fileRef = 92165C991C2A67A500274852 /* Assets.xcassets */; };
		92165C9D1C2A67A500274852 /* LaunchScreen.storyboard in Resources */ = {isa = PBXBuildFile; fileRef = 92165C9B1C2A67A500274852 /* LaunchScreen.storyboard */; };
		9232BFFB1DA895FC00B4EF82 /* PFStepper.swift in Sources */ = {isa = PBXBuildFile; fileRef = 9232BFFA1DA895FC00B4EF82 /* PFStepper.swift */; };
/* End PBXBuildFile section */

/* Begin PBXFileReference section */
		92165C8F1C2A67A500274852 /* PFStepperDemo.app */ = {isa = PBXFileReference; explicitFileType = wrapper.application; includeInIndex = 0; path = PFStepperDemo.app; sourceTree = BUILT_PRODUCTS_DIR; };
		92165C921C2A67A500274852 /* AppDelegate.swift */ = {isa = PBXFileReference; lastKnownFileType = sourcecode.swift; path = AppDelegate.swift; sourceTree = "<group>"; };
		92165C941C2A67A500274852 /* ViewController.swift */ = {isa = PBXFileReference; lastKnownFileType = sourcecode.swift; path = ViewController.swift; sourceTree = "<group>"; };
		92165C971C2A67A500274852 /* Base */ = {isa = PBXFileReference; lastKnownFileType = file.storyboard; name = Base; path = Base.lproj/Main.storyboard; sourceTree = "<group>"; };
		92165C991C2A67A500274852 /* Assets.xcassets */ = {isa = PBXFileReference; lastKnownFileType = folder.assetcatalog; path = Assets.xcassets; sourceTree = "<group>"; };
		92165C9C1C2A67A500274852 /* Base */ = {isa = PBXFileReference; lastKnownFileType = file.storyboard; name = Base; path = Base.lproj/LaunchScreen.storyboard; sourceTree = "<group>"; };
		92165C9E1C2A67A500274852 /* Info.plist */ = {isa = PBXFileReference; lastKnownFileType = text.plist.xml; path = Info.plist; sourceTree = "<group>"; };
		9232BFFA1DA895FC00B4EF82 /* PFStepper.swift */ = {isa = PBXFileReference; fileEncoding = 4; lastKnownFileType = sourcecode.swift; path = PFStepper.swift; sourceTree = "<group>"; };
/* End PBXFileReference section */

/* Begin PBXFrameworksBuildPhase section */
		92165C8C1C2A67A500274852 /* Frameworks */ = {
			isa = PBXFrameworksBuildPhase;
			buildActionMask = 2147483647;
			files = (
			);
			runOnlyForDeploymentPostprocessing = 0;
		};
/* End PBXFrameworksBuildPhase section */

/* Begin PBXGroup section */
		92165C861C2A67A500274852 = {
			isa = PBXGroup;
			children = (
				9232BFF91DA895FC00B4EF82 /* Class */,
				92165C911C2A67A500274852 /* PFStepperDemo */,
				92165C901C2A67A500274852 /* Products */,
			);
			sourceTree = "<group>";
		};
		92165C901C2A67A500274852 /* Products */ = {
			isa = PBXGroup;
			children = (
				92165C8F1C2A67A500274852 /* PFStepperDemo.app */,
			);
			name = Products;
			sourceTree = "<group>";
		};
		92165C911C2A67A500274852 /* PFStepperDemo */ = {
			isa = PBXGroup;
			children = (
				92165C921C2A67A500274852 /* AppDelegate.swift */,
				92165C941C2A67A500274852 /* ViewController.swift */,
				92165C961C2A67A500274852 /* Main.storyboard */,
				92165C991C2A67A500274852 /* Assets.xcassets */,
				92165C9B1C2A67A500274852 /* LaunchScreen.storyboard */,
				92165C9E1C2A67A500274852 /* Info.plist */,
			);
			path = PFStepperDemo;
			sourceTree = "<group>";
		};
		9232BFF91DA895FC00B4EF82 /* Class */ = {
			isa = PBXGroup;
			children = (
				9232BFFA1DA895FC00B4EF82 /* PFStepper.swift */,
			);
			name = Class;
			path = ../Class;
			sourceTree = "<group>";
		};
/* End PBXGroup section */

/* Begin PBXNativeTarget section */
		92165C8E1C2A67A500274852 /* PFStepperDemo */ = {
			isa = PBXNativeTarget;
			buildConfigurationList = 92165CB71C2A67A500274852 /* Build configuration list for PBXNativeTarget "PFStepperDemo" */;
			buildPhases = (
				92165C8B1C2A67A500274852 /* Sources */,
				92165C8C1C2A67A500274852 /* Frameworks */,
				92165C8D1C2A67A500274852 /* Resources */,
			);
			buildRules = (
			);
			dependencies = (
			);
			name = PFStepperDemo;
			productName = PFStepperDemo;
			productReference = 92165C8F1C2A67A500274852 /* PFStepperDemo.app */;
			productType = "com.apple.product-type.application";
		};
/* End PBXNativeTarget section */

/* Begin PBXProject section */
		92165C871C2A67A500274852 /* Project object */ = {
			isa = PBXProject;
			attributes = {
				LastSwiftUpdateCheck = 0720;
				LastUpgradeCheck = 0800;
				ORGANIZATIONNAME = Cee;
				TargetAttributes = {
					92165C8E1C2A67A500274852 = {
						CreatedOnToolsVersion = 7.2;
						LastSwiftMigration = 0800;
					};
				};
			};
			buildConfigurationList = 92165C8A1C2A67A500274852 /* Build configuration list for PBXProject "PFStepperDemo" */;
			compatibilityVersion = "Xcode 3.2";
			developmentRegion = English;
			hasScannedForEncodings = 0;
			knownRegions = (
				en,
				Base,
			);
			mainGroup = 92165C861C2A67A500274852;
			productRefGroup = 92165C901C2A67A500274852 /* Products */;
			projectDirPath = "";
			projectRoot = "";
			targets = (
				92165C8E1C2A67A500274852 /* PFStepperDemo */,
			);
		};
/* End PBXProject section */

/* Begin PBXResourcesBuildPhase section */
		92165C8D1C2A67A500274852 /* Resources */ = {
			isa = PBXResourcesBuildPhase;
			buildActionMask = 2147483647;
			files = (
				92165C9D1C2A67A500274852 /* LaunchScreen.storyboard in Resources */,
				92165C9A1C2A67A500274852 /* Assets.xcassets in Resources */,
				92165C981C2A67A500274852 /* Main.storyboard in Resources */,
			);
			runOnlyForDeploymentPostprocessing = 0;
		};
/* End PBXResourcesBuildPhase section */

/* Begin PBXSourcesBuildPhase section */
		92165C8B1C2A67A500274852 /* Sources */ = {
			isa = PBXSourcesBuildPhase;
			buildActionMask = 2147483647;
			files = (
				92165C951C2A67A500274852 /* ViewController.swift in Sources */,
				92165C931C2A67A500274852 /* AppDelegate.swift in Sources */,
				9232BFFB1DA895FC00B4EF82 /* PFStepper.swift in Sources */,
			);
			runOnlyForDeploymentPostprocessing = 0;
		};
/* End PBXSourcesBuildPhase section */

/* Begin PBXVariantGroup section */
		92165C961C2A67A500274852 /* Main.storyboard */ = {
			isa = PBXVariantGroup;
			children = (
				92165C971C2A67A500274852 /* Base */,
			);
			name = Main.storyboard;
			sourceTree = "<group>";
		};
		92165C9B1C2A67A500274852 /* LaunchScreen.storyboard */ = {
			isa = PBXVariantGroup;
			children = (
				92165C9C1C2A67A500274852 /* Base */,
			);
			name = LaunchScreen.storyboard;
			sourceTree = "<group>";
		};
/* End PBXVariantGroup section */

/* Begin XCBuildConfiguration section */
		92165CB51C2A67A500274852 /* Debug */ = {
			isa = XCBuildConfiguration;
			buildSettings = {
				ALWAYS_SEARCH_USER_PATHS = NO;
				CLANG_CXX_LANGUAGE_STANDARD = "gnu++0x";
				CLANG_CXX_LIBRARY = "libc++";
				CLANG_ENABLE_MODULES = YES;
				CLANG_ENABLE_OBJC_ARC = YES;
				CLANG_WARN_BOOL_CONVERSION = YES;
				CLANG_WARN_CONSTANT_CONVERSION = YES;
				CLANG_WARN_DIRECT_OBJC_ISA_USAGE = YES_ERROR;
				CLANG_WARN_EMPTY_BODY = YES;
				CLANG_WARN_ENUM_CONVERSION = YES;
				CLANG_WARN_INFINITE_RECURSION = YES;
				CLANG_WARN_INT_CONVERSION = YES;
				CLANG_WARN_OBJC_ROOT_CLASS = YES_ERROR;
				CLANG_WARN_SUSPICIOUS_MOVE = YES;
				CLANG_WARN_UNREACHABLE_CODE = YES;
				CLANG_WARN__DUPLICATE_METHOD_MATCH = YES;
				"CODE_SIGN_IDENTITY[sdk=iphoneos*]" = "iPhone Developer";
				COPY_PHASE_STRIP = NO;
				DEBUG_INFORMATION_FORMAT = dwarf;
				ENABLE_STRICT_OBJC_MSGSEND = YES;
				ENABLE_TESTABILITY = YES;
				GCC_C_LANGUAGE_STANDARD = gnu99;
				GCC_DYNAMIC_NO_PIC = NO;
				GCC_NO_COMMON_BLOCKS = YES;
				GCC_OPTIMIZATION_LEVEL = 0;
				GCC_PREPROCESSOR_DEFINITIONS = (
					"DEBUG=1",
					"$(inherited)",
				);
				GCC_WARN_64_TO_32_BIT_CONVERSION = YES;
				GCC_WARN_ABOUT_RETURN_TYPE = YES_ERROR;
				GCC_WARN_UNDECLARED_SELECTOR = YES;
				GCC_WARN_UNINITIALIZED_AUTOS = YES_AGGRESSIVE;
				GCC_WARN_UNUSED_FUNCTION = YES;
				GCC_WARN_UNUSED_VARIABLE = YES;
				IPHONEOS_DEPLOYMENT_TARGET = 8.0;
				MTL_ENABLE_DEBUG_INFO = YES;
				ONLY_ACTIVE_ARCH = YES;
				SDKROOT = iphoneos;
				SWIFT_OPTIMIZATION_LEVEL = "-Onone";
				SWIFT_VERSION = 3.0;
			};
			name = Debug;
		};
		92165CB61C2A67A500274852 /* Release */ = {
			isa = XCBuildConfiguration;
			buildSettings = {
				ALWAYS_SEARCH_USER_PATHS = NO;
				CLANG_CXX_LANGUAGE_STANDARD = "gnu++0x";
				CLANG_CXX_LIBRARY = "libc++";
				CLANG_ENABLE_MODULES = YES;
				CLANG_ENABLE_OBJC_ARC = YES;
				CLANG_WARN_BOOL_CONVERSION = YES;
				CLANG_WARN_CONSTANT_CONVERSION = YES;
				CLANG_WARN_DIRECT_OBJC_ISA_USAGE = YES_ERROR;
				CLANG_WARN_EMPTY_BODY = YES;
				CLANG_WARN_ENUM_CONVERSION = YES;
				CLANG_WARN_INFINITE_RECURSION = YES;
				CLANG_WARN_INT_CONVERSION = YES;
				CLANG_WARN_OBJC_ROOT_CLASS = YES_ERROR;
				CLANG_WARN_SUSPICIOUS_MOVE = YES;
				CLANG_WARN_UNREACHABLE_CODE = YES;
				CLANG_WARN__DUPLICATE_METHOD_MATCH = YES;
				"CODE_SIGN_IDENTITY[sdk=iphoneos*]" = "iPhone Developer";
				COPY_PHASE_STRIP = NO;
				DEBUG_INFORMATION_FORMAT = "dwarf-with-dsym";
				ENABLE_NS_ASSERTIONS = NO;
				ENABLE_STRICT_OBJC_MSGSEND = YES;
				GCC_C_LANGUAGE_STANDARD = gnu99;
				GCC_NO_COMMON_BLOCKS = YES;
				GCC_WARN_64_TO_32_BIT_CONVERSION = YES;
				GCC_WARN_ABOUT_RETURN_TYPE = YES_ERROR;
				GCC_WARN_UNDECLARED_SELECTOR = YES;
				GCC_WARN_UNINITIALIZED_AUTOS = YES_AGGRESSIVE;
				GCC_WARN_UNUSED_FUNCTION = YES;
				GCC_WARN_UNUSED_VARIABLE = YES;
				IPHONEOS_DEPLOYMENT_TARGET = 8.0;
				MTL_ENABLE_DEBUG_INFO = NO;
				SDKROOT = iphoneos;
				SWIFT_OPTIMIZATION_LEVEL = "-Owholemodule";
				SWIFT_VERSION = 3.0;
				VALIDATE_PRODUCT = YES;
			};
			name = Release;
		};
		92165CB81C2A67A500274852 /* Debug */ = {
			isa = XCBuildConfiguration;
			buildSettings = {
				ASSETCATALOG_COMPILER_APPICON_NAME = AppIcon;
				DEVELOPMENT_TEAM = "";
				INFOPLIST_FILE = PFStepperDemo/Info.plist;
				LD_RUNPATH_SEARCH_PATHS = "$(inherited) @executable_path/Frameworks";
				PRODUCT_BUNDLE_IDENTIFIER = io.Cee.PFStepperDemo;
				PRODUCT_NAME = "$(TARGET_NAME)";
				SWIFT_VERSION = 3.0;
			};
			name = Debug;
		};
		92165CB91C2A67A500274852 /* Release */ = {
			isa = XCBuildConfiguration;
			buildSettings = {
				ASSETCATALOG_COMPILER_APPICON_NAME = AppIcon;
				DEVELOPMENT_TEAM = "";
				INFOPLIST_FILE = PFStepperDemo/Info.plist;
				LD_RUNPATH_SEARCH_PATHS = "$(inherited) @executable_path/Frameworks";
				PRODUCT_BUNDLE_IDENTIFIER = io.Cee.PFStepperDemo;
				PRODUCT_NAME = "$(TARGET_NAME)";
				SWIFT_VERSION = 3.0;
			};
			name = Release;
		};
/* End XCBuildConfiguration section */

/* Begin XCConfigurationList section */
		92165C8A1C2A67A500274852 /* Build configuration list for PBXProject "PFStepperDemo" */ = {
			isa = XCConfigurationList;
			buildConfigurations = (
				92165CB51C2A67A500274852 /* Debug */,
				92165CB61C2A67A500274852 /* Release */,
			);
			defaultConfigurationIsVisible = 0;
			defaultConfigurationName = Release;
		};
		92165CB71C2A67A500274852 /* Build configuration list for PBXNativeTarget "PFStepperDemo" */ = {
			isa = XCConfigurationList;
			buildConfigurations = (
				92165CB81C2A67A500274852 /* Debug */,
				92165CB91C2A67A500274852 /* Release */,
			);
			defaultConfigurationIsVisible = 0;
			defaultConfigurationName = Release;
		};
/* End XCConfigurationList section */
	};
	rootObject = 92165C871C2A67A500274852 /* Project object */;
}
